{
  "name": "@yolo-labz/gherkin-lint",
  "version": "0.1.0",
  "lockfileVersion": 3,
  "requires": true,
  "packages": {
    "": {
      "name": "@yolo-labz/gherkin-lint",
      "version": "0.1.0",
      "dependencies": {
        "@cucumber/gherkin": "^42.0.1",
        "@cucumber/messages": "^34.2.1"
      },
      "bin": {
        "gherkin-lint": "gherkin-lint.mjs"
      }
    },
    "node_modules/@cucumber/gherkin": {
      "version": "42.0.1",
      "resolved": "https://registry.npmjs.org/@cucumber/gherkin/-/gherkin-42.0.1.tgz",
      "integrity": "sha512-Kqg0ULhWqbXp/a1c04ND4sS4KTlIL831tQ0NhZLXWdEhT6LiNsZ5LFRzy/lBy7QQpcKhroKp/i3C2WdEnRBKNg==",
      "license": "MIT",
      "dependencies": {
        "@cucumber/messages": ">=34.0.0 <35"
      }
    },
    "node_modules/@cucumber/messages": {
      "version": "34.2.1",
      "resolved": "https://registry.npmjs.org/@cucumber/messages/-/messages-34.2.1.tgz",
      "integrity": "sha512-aj2iCAG9ZOpMVcMxcgShifv5fbR96b7SMgdWcPXXh2QbFp7OEcAnQ5MC5YfWUDSDasmw7FU5NJEsOrXdTQOU1A==",
      "license": "MIT"
    }
  }
}
